// !$*UTF8*$!
{
	archiveVersion = 1;
	classes = {
	};
	objectVersion = 50;
	objects = {

/* Begin PBXBuildFile section */
		62CA5ACD26C5E6170085D085 /* AppDelegate.swift in Sources */ = {isa = PBXBuildFile; fileRef = 62CA5ACC26C5E6170085D085 /* AppDelegate.swift */; };
		62CA5ACF26C5E6170085D085 /* SceneDelegate.swift in Sources */ = {isa = PBXBuildFile; fileRef = 62CA5ACE26C5E6170085D085 /* SceneDelegate.swift */; };
		62CA5AD126C5E6170085D085 /* ViewController.swift in Sources */ = {isa = PBXBuildFile; fileRef = 62CA5AD026C5E6170085D085 /* ViewController.swift */; };
		62CA5AD426C5E6170085D085 /* Main.storyboard in Resources */ = {isa = PBXBuildFile; fileRef = 62CA5AD226C5E6170085D085 /* Main.storyboard */; };
		62CA5AD626C5E6180085D085 /* Assets.xcassets in Resources */ = {isa = PBXBuildFile; fileRef = 62CA5AD526C5E6180085D085 /* Assets.xcassets */; };
		62CA5AD926C5E6180085D085 /* LaunchScreen.storyboard in Resources */ = {isa = PBXBuildFile; fileRef = 62CA5AD726C5E6180085D085 /* LaunchScreen.storyboard */; };
/* End PBXBuildFile section */

/* Begin PBXFileReference section */
		62CA5AC926C5E6170085D085 /* PrimeiroProjetoGit02.app */ = {isa = PBXFileReference; explicitFileType = wrapper.application; includeInIndex = 0; path = PrimeiroProjetoGit02.app; sourceTree = BUILT_PRODUCTS_DIR; };
		62CA5ACC26C5E6170085D085 /* AppDelegate.swift */ = {isa = PBXFileReference; lastKnownFileType = sourcecode.swift; path = AppDelegate.swift; sourceTree = "<group>"; };
		62CA5ACE26C5E6170085D085 /* SceneDelegate.swift */ = {isa = PBXFileReference; lastKnownFileType = sourcecode.swift; path = SceneDelegate.swift; sourceTree = "<group>"; };
		62CA5AD026C5E6170085D085 /* ViewController.swift */ = {isa = PBXFileReference; lastKnownFileType = sourcecode.swift; path = ViewController.swift; sourceTree = "<group>"; };
		62CA5AD326C5E6170085D085 /* Base */ = {isa = PBXFileReference; lastKnownFileType = file.storyboard; name = Base; path = Base.lproj/Main.storyboard; sourceTree = "<group>"; };
		62CA5AD526C5E6180085D085 /* Assets.xcassets */ = {isa = PBXFileReference; lastKnownFileType = folder.assetcatalog; path = Assets.xcassets; sourceTree = "<group>"; };
		62CA5AD826C5E6180085D085 /* Base */ = {isa = PBXFileReference; lastKnownFileType = file.storyboard; name = Base; path = Base.lproj/LaunchScreen.storyboard; sourceTree = "<group>"; };
		62CA5ADA26C5E6180085D085 /* Info.plist */ = {isa = PBXFileReference; lastKnownFileType = text.plist.xml; path = Info.plist; sourceTree = "<group>"; };
/* End PBXFileReference section */

/* Begin PBXFrameworksBuildPhase section */
		62CA5AC626C5E6170085D085 /* Frameworks */ = {
			isa = PBXFrameworksBuildPhase;
			buildActionMask = 2147483647;
			files = (
			);
			runOnlyForDeploymentPostprocessing = 0;
		};
/* End PBXFrameworksBuildPhase section */

/* Begin PBXGroup section */
		62CA5AC026C5E6170085D085 = {
			isa = PBXGroup;
			children = (
				62CA5ACB26C5E6170085D085 /* PrimeiroProjetoGit02 */,
				62CA5ACA26C5E6170085D085 /* Products */,
			);
			sourceTree = "<group>";
		};
		62CA5ACA26C5E6170085D085 /* Products */ = {
			isa = PBXGroup;
			children = (
				62CA5AC926C5E6170085D085 /* PrimeiroProjetoGit02.app */,
			);
			name = Products;
			sourceTree = "<group>";
		};
		62CA5ACB26C5E6170085D085 /* PrimeiroProjetoGit02 */ = {
			isa = PBXGroup;
			children = (
				62CA5ACC26C5E6170085D085 /* AppDelegate.swift */,
				62CA5ACE26C5E6170085D085 /* SceneDelegate.swift */,
				62CA5AD026C5E6170085D085 /* ViewController.swift */,
				62CA5AD226C5E6170085D085 /* Main.storyboard */,
				62CA5AD526C5E6180085D085 /* Assets.xcassets */,
				62CA5AD726C5E6180085D085 /* LaunchScreen.storyboard */,
				62CA5ADA26C5E6180085D085 /* Info.plist */,
			);
			path = PrimeiroProjetoGit02;
			sourceTree = "<group>";
		};
/* End PBXGroup section */

/* Begin PBXNativeTarget section */
		62CA5AC826C5E6170085D085 /* PrimeiroProjetoGit02 */ = {
			isa = PBXNativeTarget;
			buildConfigurationList = 62CA5ADD26C5E6180085D085 /* Build configuration list for PBXNativeTarget "PrimeiroProjetoGit02" */;
			buildPhases = (
				62CA5AC526C5E6170085D085 /* Sources */,
				62CA5AC626C5E6170085D085 /* Frameworks */,
				62CA5AC726C5E6170085D085 /* Resources */,
			);
			buildRules = (
			);
			dependencies = (
			);
			name = PrimeiroProjetoGit02;
			productName = PrimeiroProjetoGit02;
			productReference = 62CA5AC926C5E6170085D085 /* PrimeiroProjetoGit02.app */;
			productType = "com.apple.product-type.application";
		};
/* End PBXNativeTarget section */

/* Begin PBXProject section */
		62CA5AC126C5E6170085D085 /* Project object */ = {
			isa = PBXProject;
			attributes = {
				LastSwiftUpdateCheck = 1250;
				LastUpgradeCheck = 1250;
				TargetAttributes = {
					62CA5AC826C5E6170085D085 = {
						CreatedOnToolsVersion = 12.5.1;
					};
				};
			};
			buildConfigurationList = 62CA5AC426C5E6170085D085 /* Build configuration list for PBXProject "PrimeiroProjetoGit02" */;
			compatibilityVersion = "Xcode 9.3";
			developmentRegion = en;
			hasScannedForEncodings = 0;
			knownRegions = (
				en,
				Base,
			);
			mainGroup = 62CA5AC026C5E6170085D085;
			productRefGroup = 62CA5ACA26C5E6170085D085 /* Products */;
			projectDirPath = "";
			projectRoot = "";
			targets = (
				62CA5AC826C5E6170085D085 /* PrimeiroProjetoGit02 */,
			);
		};
/* End PBXProject section */

/* Begin PBXResourcesBuildPhase section */
		62CA5AC726C5E6170085D085 /* Resources */ = {
			isa = PBXResourcesBuildPhase;
			buildActionMask = 2147483647;
			files = (
				62CA5AD926C5E6180085D085 /* LaunchScreen.storyboard in Resources */,
				62CA5AD626C5E6180085D085 /* Assets.xcassets in Resources */,
				62CA5AD426C5E6170085D085 /* Main.storyboard in Resources */,
			);
			runOnlyForDeploymentPostprocessing = 0;
		};
/* End PBXResourcesBuildPhase section */

/* Begin PBXSourcesBuildPhase section */
		62CA5AC526C5E6170085D085 /* Sources */ = {
			isa = PBXSourcesBuildPhase;
			buildActionMask = 2147483647;
			files = (
				62CA5AD126C5E6170085D085 /* ViewController.swift in Sources */,
				62CA5ACD26C5E6170085D085 /* AppDelegate.swift in Sources */,
				62CA5ACF26C5E6170085D085 /* SceneDelegate.swift in Sources */,
			);
			runOnlyForDeploymentPostprocessing = 0;
		};
/* End PBXSourcesBuildPhase section */

/* Begin PBXVariantGroup section */
		62CA5AD226C5E6170085D085 /* Main.storyboard */ = {
			isa = PBXVariantGroup;
			children = (
				62CA5AD326C5E6170085D085 /* Base */,
			);
			name = Main.storyboard;
			sourceTree = "<group>";
		};
		62CA5AD726C5E6180085D085 /* LaunchScreen.storyboard */ = {
			isa = PBXVariantGroup;
			children = (
				62CA5AD826C5E6180085D085 /* Base */,
			);
			name = LaunchScreen.storyboard;
			sourceTree = "<group>";
		};
/* End PBXVariantGroup section */

/* Begin XCBuildConfiguration section */
		62CA5ADB26C5E6180085D085 /* Debug */ = {
			isa = XCBuildConfiguration;
			buildSettings = {
				ALWAYS_SEARCH_USER_PATHS = NO;
				CLANG_ANALYZER_NONNULL = YES;
				CLANG_ANALYZER_NUMBER_OBJECT_CONVERSION = YES_AGGRESSIVE;
				CLANG_CXX_LANGUAGE_STANDARD = "gnu++14";
				CLANG_CXX_LIBRARY = "libc++";
				CLANG_ENABLE_MODULES = YES;
				CLANG_ENABLE_OBJC_ARC = YES;
				CLANG_ENABLE_OBJC_WEAK = YES;
				CLANG_WARN_BLOCK_CAPTURE_AUTORELEASING = YES;
				CLANG_WARN_BOOL_CONVERSION = YES;
				CLANG_WARN_COMMA = YES;
				CLANG_WARN_CONSTANT_CONVERSION = YES;
				CLANG_WARN_DEPRECATED_OBJC_IMPLEMENTATIONS = YES;
				CLANG_WARN_DIRECT_OBJC_ISA_USAGE = YES_ERROR;
				CLANG_WARN_DOCUMENTATION_COMMENTS = YES;
				CLANG_WARN_EMPTY_BODY = YES;
				CLANG_WARN_ENUM_CONVERSION = YES;
				CLANG_WARN_INFINITE_RECURSION = YES;
				CLANG_WARN_INT_CONVERSION = YES;
				CLANG_WARN_NON_LITERAL_NULL_CONVERSION = YES;
				CLANG_WARN_OBJC_IMPLICIT_RETAIN_SELF = YES;
				CLANG_WARN_OBJC_LITERAL_CONVERSION = YES;
				CLANG_WARN_OBJC_ROOT_CLASS = YES_ERROR;
				CLANG_WARN_QUOTED_INCLUDE_IN_FRAMEWORK_HEADER = YES;
				CLANG_WARN_RANGE_LOOP_ANALYSIS = YES;
				CLANG_WARN_STRICT_PROTOTYPES = YES;
				CLANG_WARN_SUSPICIOUS_MOVE = YES;
				CLANG_WARN_UNGUARDED_AVAILABILITY = YES_AGGRESSIVE;
				CLANG_WARN_UNREACHABLE_CODE = YES;
				CLANG_WARN__DUPLICATE_METHOD_MATCH = YES;
				COPY_PHASE_STRIP = NO;
				DEBUG_INFORMATION_FORMAT = dwarf;
				ENABLE_STRICT_OBJC_MSGSEND = YES;
				ENABLE_TESTABILITY = YES;
				GCC_C_LANGUAGE_STANDARD = gnu11;
				GCC_DYNAMIC_NO_PIC = NO;
				GCC_NO_COMMON_BLOCKS = YES;
				GCC_OPTIMIZATION_LEVEL = 0;
				GCC_PREPROCESSOR_DEFINITIONS = (
					"DEBUG=1",
					"$(inherited)",
				);
				GCC_WARN_64_TO_32_BIT_CONVERSION = YES;
				GCC_WARN_ABOUT_RETURN_TYPE = YES_ERROR;
				GCC_WARN_UNDECLARED_SELECTOR = YES;
				GCC_WARN_UNINITIALIZED_AUTOS = YES_AGGRESSIVE;
				GCC_WARN_UNUSED_FUNCTION = YES;
				GCC_WARN_UNUSED_VARIABLE = YES;
				IPHONEOS_DEPLOYMENT_TARGET = 14.5;
				MTL_ENABLE_DEBUG_INFO = INCLUDE_SOURCE;
				MTL_FAST_MATH = YES;
				ONLY_ACTIVE_ARCH = YES;
				SDKROOT = iphoneos;
				SWIFT_ACTIVE_COMPILATION_CONDITIONS = DEBUG;
				SWIFT_OPTIMIZATION_LEVEL = "-Onone";
			};
			name = Debug;
		};
		62CA5ADC26C5E6180085D085 /* Release */ = {
			isa = XCBuildConfiguration;
			buildSettings = {
				ALWAYS_SEARCH_USER_PATHS = NO;
				CLANG_ANALYZER_NONNULL = YES;
				CLANG_ANALYZER_NUMBER_OBJECT_CONVERSION = YES_AGGRESSIVE;
				CLANG_CXX_LANGUAGE_STANDARD = "gnu++14";
				CLANG_CXX_LIBRARY = "libc++";
				CLANG_ENABLE_MODULES = YES;
				CLANG_ENABLE_OBJC_ARC = YES;
				CLANG_ENABLE_OBJC_WEAK = YES;
				CLANG_WARN_BLOCK_CAPTURE_AUTORELEASING = YES;
				CLANG_WARN_BOOL_CONVERSION = YES;
				CLANG_WARN_COMMA = YES;
				CLANG_WARN_CONSTANT_CONVERSION = YES;
				CLANG_WARN_DEPRECATED_OBJC_IMPLEMENTATIONS = YES;
				CLANG_WARN_DIRECT_OBJC_ISA_USAGE = YES_ERROR;
				CLANG_WARN_DOCUMENTATION_COMMENTS = YES;
				CLANG_WARN_EMPTY_BODY = YES;
				CLANG_WARN_ENUM_CONVERSION = YES;
				CLANG_WARN_INFINITE_RECURSION = YES;
				CLANG_WARN_INT_CONVERSION = YES;
				CLANG_WARN_NON_LITERAL_NULL_CONVERSION = YES;
				CLANG_WARN_OBJC_IMPLICIT_RETAIN_SELF = YES;
				CLANG_WARN_OBJC_LITERAL_CONVERSION = YES;
				CLANG_WARN_OBJC_ROOT_CLASS = YES_ERROR;
				CLANG_WARN_QUOTED_INCLUDE_IN_FRAMEWORK_HEADER = YES;
				CLANG_WARN_RANGE_LOOP_ANALYSIS = YES;
				CLANG_WARN_STRICT_PROTOTYPES = YES;
				CLANG_WARN_SUSPICIOUS_MOVE = YES;
				CLANG_WARN_UNGUARDED_AVAILABILITY = YES_AGGRESSIVE;
				CLANG_WARN_UNREACHABLE_CODE = YES;
				CLANG_WARN__DUPLICATE_METHOD_MATCH = YES;
				COPY_PHASE_STRIP = NO;
				DEBUG_INFORMATION_FORMAT = "dwarf-with-dsym";
				ENABLE_NS_ASSERTIONS = NO;
				ENABLE_STRICT_OBJC_MSGSEND = YES;
				GCC_C_LANGUAGE_STANDARD = gnu11;
				GCC_NO_COMMON_BLOCKS = YES;
				GCC_WARN_64_TO_32_BIT_CONVERSION = YES;
				GCC_WARN_ABOUT_RETURN_TYPE = YES_ERROR;
				GCC_WARN_UNDECLARED_SELECTOR = YES;
				GCC_WARN_UNINITIALIZED_AUTOS = YES_AGGRESSIVE;
				GCC_WARN_UNUSED_FUNCTION = YES;
				GCC_WARN_UNUSED_VARIABLE = YES;
				IPHONEOS_DEPLOYMENT_TARGET = 14.5;
				MTL_ENABLE_DEBUG_INFO = NO;
				MTL_FAST_MATH = YES;
				SDKROOT = iphoneos;
				SWIFT_COMPILATION_MODE = wholemodule;
				SWIFT_OPTIMIZATION_LEVEL = "-O";
				VALIDATE_PRODUCT = YES;
			};
			name = Release;
		};
		62CA5ADE26C5E6180085D085 /* Debug */ = {
			isa = XCBuildConfiguration;
			buildSettings = {
				ASSETCATALOG_COMPILER_APPICON_NAME = AppIcon;
				ASSETCATALOG_COMPILER_GLOBAL_ACCENT_COLOR_NAME = AccentColor;
				CODE_SIGN_STYLE = Automatic;
				DEVELOPMENT_TEAM = QGQ6W4JWGM;
				INFOPLIST_FILE = PrimeiroProjetoGit02/Info.plist;
				LD_RUNPATH_SEARCH_PATHS = (
					"$(inherited)",
					"@executable_path/Frameworks",
				);
				PRODUCT_BUNDLE_IDENTIFIER = app.a1softwares.PrimeiroProjetoGit02;
				PRODUCT_NAME = "$(TARGET_NAME)";
				SWIFT_VERSION = 5.0;
				TARGETED_DEVICE_FAMILY = "1,2";
			};
			name = Debug;
		};
		62CA5ADF26C5E6180085D085 /* Release */ = {
			isa = XCBuildConfiguration;
			buildSettings = {
				ASSETCATALOG_COMPILER_APPICON_NAME = AppIcon;
				ASSETCATALOG_COMPILER_GLOBAL_ACCENT_COLOR_NAME = AccentColor;
				CODE_SIGN_STYLE = Automatic;
				DEVELOPMENT_TEAM = QGQ6W4JWGM;
				INFOPLIST_FILE = PrimeiroProjetoGit02/Info.plist;
				LD_RUNPATH_SEARCH_PATHS = (
					"$(inherited)",
					"@executable_path/Frameworks",
				);
				PRODUCT_BUNDLE_IDENTIFIER = app.a1softwares.PrimeiroProjetoGit02;
				PRODUCT_NAME = "$(TARGET_NAME)";
				SWIFT_VERSION = 5.0;
				TARGETED_DEVICE_FAMILY = "1,2";
			};
			name = Release;
		};
/* End XCBuildConfiguration section */

/* Begin XCConfigurationList section */
		62CA5AC426C5E6170085D085 /* Build configuration list for PBXProject "PrimeiroProjetoGit02" */ = {
			isa = XCConfigurationList;
			buildConfigurations = (
				62CA5ADB26C5E6180085D085 /* Debug */,
				62CA5ADC26C5E6180085D085 /* Release */,
			);
			defaultConfigurationIsVisible = 0;
			defaultConfigurationName = Release;
		};
		62CA5ADD26C5E6180085D085 /* Build configuration list for PBXNativeTarget "PrimeiroProjetoGit02" */ = {
			isa = XCConfigurationList;
			buildConfigurations = (
				62CA5ADE26C5E6180085D085 /* Debug */,
				62CA5ADF26C5E6180085D085 /* Release */,
			);
			defaultConfigurationIsVisible = 0;
			defaultConfigurationName = Release;
		};
/* End XCConfigurationList section */
	};
	rootObject = 62CA5AC126C5E6170085D085 /* Project object */;
}
